<?xml version="1.0" encoding="utf-8"?>
<Project ToolsVersion="4.0" xmlns="http://schemas.microsoft.com/developer/msbuild/2003">
  <ItemGroup>
    <Filter Include="Source Files">
      <UniqueIdentifier>{4FC737F1-C7A5-4376-A066-2A32D752A2FF}</UniqueIdentifier>
      <Extensions>cpp;c;cc;cxx;c++;def;odl;idl;hpj;bat;asm;asmx</Extensions>
    </Filter>
    <Filter Include="Header Files">
      <UniqueIdentifier>{93995380-89BD-4b04-88EB-625FBE52EBFB}</UniqueIdentifier>
      <Extensions>h;hh;hpp;hxx;h++;hm;inl;inc;ipp;xsd</Extensions>
    </Filter>
    <Filter Include="Resource Files">
      <UniqueIdentifier>{67DA6AB6-F800-4c08-8B7A-83BB121AAD01}</UniqueIdentifier>
      <Extensions>rc;ico;cur;bmp;dlg;rc2;rct;bin;rgs;gif;jpg;jpeg;jpe;resx;tiff;tif;png;wav;mfcribbon-ms</Extensions>
    </Filter>
  </ItemGroup>
  <ItemGroup>
    <ClInclude Include="src\ConvertorFactory.h">
      <Filter>Header Files</Filter>
    </ClInclude>
    <ClInclude Include="src\maker\Maker.h">
      <Filter>Header Files</Filter>
    </ClInclude>
    <ClInclude Include="src\maker\GIfMaker\GifMaker.h">
      <Filter>Header Files</Filter>
    </ClInclude>
    <ClInclude Include="src\parser\Parser.h">
      <Filter>Header Files</Filter>
    </ClInclude>
    <ClInclude Include="src\parser\VideoParser\VideoParser.h">
      <Filter>Header Files</Filter>
    </ClInclude>
    <ClInclude Include="src\Convertor\Convertor.h">
      <Filter>Header Files</Filter>
    </ClInclude>
    <ClInclude Include="src\Convertor\ToGifConvertor\ToGifConvertor.h">
      <Filter>Header Files</Filter>
    </ClInclude>
    <ClInclude Include="src\writer\RawWriter.h">
      <Filter>Header Files</Filter>
    </ClInclude>
    <ClInclude Include="src\Deleters\Deleters.h">
      <Filter>Header Files</Filter>
    </ClInclude>
  </ItemGroup>
  <ItemGroup>
    <ClCompile Include="src\ConvertorFactory.cpp">
      <Filter>Source Files</Filter>
    </ClCompile>
    <ClCompile Include="src\maker\GIfMaker\GifMaker.cpp">
      <Filter>Source Files</Filter>
    </ClCompile>
    <ClCompile Include="src\parser\VideoParser\VideoParser.cpp">
      <Filter>Source Files</Filter>
    </ClCompile>
    <ClCompile Include="src\Convertor\ToGifConvertor\ToGifConvertor.cpp">
      <Filter>Source Files</Filter>
    </ClCompile>
    <ClCompile Include="src\writer\RawWriter.cpp">
      <Filter>Source Files</Filter>
    </ClCompile>
  </ItemGroup>
</Project>